{
  "version": 4,
  "terraform_version": "1.7.0",
  "serial": 72,
  "lineage": "3c6f13aa-dcff-8ffb-b158-060054be308a",
  "outputs": {
    "alb_dns_name": {
      "value": "strapi-ecs-alb-712630972.ap-south-1.elb.amazonaws.com",
      "type": "string"
    },
    "ecr_repository_url": {
      "value": "301782007642.dkr.ecr.ap-south-1.amazonaws.com/dee-strapi",
      "type": "string"
    },
    "ecs_cluster_name": {
      "value": "strapi-ecs-cluster",
      "type": "string"
    },
    "ecs_service_name": {
      "value": "strapi-ecs-service",
      "type": "string"
    },
    "rds_endpoint": {
      "value": "strapi-ecs-postgres.cbowmc0uim96.ap-south-1.rds.amazonaws.com:5432",
      "type": "string",
      "sensitive": true
    },
    "strapi_admin_url": {
      "value": "http://strapi-ecs-alb-712630972.ap-south-1.elb.amazonaws.com/admin",
      "type": "string"
    }
  },
  "resources": [
    {
      "mode": "data",
      "type": "aws_ecr_repository",
      "name": "strapi",
      "provider": "provider[\"registry.terraform.io/hashicorp/aws\"]",
      "instances": [
        {
          "schema_version": 0,
          "attributes": {
            "arn": "arn:aws:ecr:ap-south-1:301782007642:repository/dee-strapi",
            "encryption_configuration": [
              {
                "encryption_type": "AES256",
                "kms_key": ""
              }
            ],
            "id": "dee-strapi",
            "image_scanning_configuration": [
              {
                "scan_on_push": false
              }
            ],
            "image_tag_mutability": "MUTABLE",
            "most_recent_image_tags": [
              "latest",
              "726e867-1766916629"
            ],
            "name": "dee-strapi",
            "registry_id": "301782007642",
            "repository_url": "301782007642.dkr.ecr.ap-south-1.amazonaws.com/dee-strapi",
            "tags": {}
          },
          "sensitive_attributes": []
        }
      ]
    },
    {
      "mode": "data",
      "type": "aws_subnet",
      "name": "default",
      "provider": "provider[\"registry.terraform.io/hashicorp/aws\"]",
      "instances": [
        {
          "index_key": "subnet-0342cfb028d6aff5a",
          "schema_version": 0,
          "attributes": {
            "arn": "arn:aws:ec2:ap-south-1:301782007642:subnet/subnet-0342cfb028d6aff5a",
            "assign_ipv6_address_on_creation": false,
            "availability_zone": "ap-south-1c",
            "availability_zone_id": "aps1-az2",
            "available_ip_address_count": 4079,
            "cidr_block": "172.31.16.0/20",
            "customer_owned_ipv4_pool": "",
            "default_for_az": true,
            "enable_dns64": false,
            "enable_lni_at_device_index": 0,
            "enable_resource_name_dns_a_record_on_launch": false,
            "enable_resource_name_dns_aaaa_record_on_launch": false,
            "filter": null,
            "id": "subnet-0342cfb028d6aff5a",
            "ipv6_cidr_block": "",
            "ipv6_cidr_block_association_id": "",
            "ipv6_native": false,
            "map_customer_owned_ip_on_launch": false,
            "map_public_ip_on_launch": true,
            "outpost_arn": "",
            "owner_id": "301782007642",
            "private_dns_hostname_type_on_launch": "ip-name",
            "state": "available",
            "tags": {},
            "timeouts": null,
            "vpc_id": "vpc-0a8a952bd82a9c081"
          },
          "sensitive_attributes": []
        },
        {
          "index_key": "subnet-095dcfc2bd8521ac6",
          "schema_version": 0,
          "attributes": {
            "arn": "arn:aws:ec2:ap-south-1:301782007642:subnet/subnet-095dcfc2bd8521ac6",
            "assign_ipv6_address_on_creation": false,
            "availability_zone": "ap-south-1b",
            "availability_zone_id": "aps1-az3",
            "available_ip_address_count": 249,
            "cidr_block": "172.31.129.0/24",
            "customer_owned_ipv4_pool": "",
            "default_for_az": false,
            "enable_dns64": false,
            "enable_lni_at_device_index": 0,
            "enable_resource_name_dns_a_record_on_launch": false,
            "enable_resource_name_dns_aaaa_record_on_launch": false,
            "filter": null,
            "id": "subnet-095dcfc2bd8521ac6",
            "ipv6_cidr_block": "",
            "ipv6_cidr_block_association_id": "",
            "ipv6_native": false,
            "map_customer_owned_ip_on_launch": false,
            "map_public_ip_on_launch": true,
            "outpost_arn": "",
            "owner_id": "301782007642",
            "private_dns_hostname_type_on_launch": "ip-name",
            "state": "available",
            "tags": {
              "Name": "karuna-public-subnet-2"
            },
            "timeouts": null,
            "vpc_id": "vpc-0a8a952bd82a9c081"
          },
          "sensitive_attributes": []
        },
        {
          "index_key": "subnet-0b5f44f6a7c3f2a17",
          "schema_version": 0,
          "attributes": {
            "arn": "arn:aws:ec2:ap-south-1:301782007642:subnet/subnet-0b5f44f6a7c3f2a17",
            "assign_ipv6_address_on_creation": false,
            "availability_zone": "ap-south-1a",
            "availability_zone_id": "aps1-az1",
            "available_ip_address_count": 4078,
            "cidr_block": "172.31.32.0/20",
            "customer_owned_ipv4_pool": "",
            "default_for_az": true,
            "enable_dns64": false,
            "enable_lni_at_device_index": 0,
            "enable_resource_name_dns_a_record_on_launch": false,
            "enable_resource_name_dns_aaaa_record_on_launch": false,
            "filter": null,
            "id": "subnet-0b5f44f6a7c3f2a17",
            "ipv6_cidr_block": "",
            "ipv6_cidr_block_association_id": "",
            "ipv6_native": false,
            "map_customer_owned_ip_on_launch": false,
            "map_public_ip_on_launch": true,
            "outpost_arn": "",
            "owner_id": "301782007642",
            "private_dns_hostname_type_on_launch": "ip-name",
            "state": "available",
            "tags": {},
            "timeouts": null,
            "vpc_id": "vpc-0a8a952bd82a9c081"
          },
          "sensitive_attributes": []
        },
        {
          "index_key": "subnet-0c26626bb68ddcbd6",
          "schema_version": 0,
          "attributes": {
            "arn": "arn:aws:ec2:ap-south-1:301782007642:subnet/subnet-0c26626bb68ddcbd6",
            "assign_ipv6_address_on_creation": false,
            "availability_zone": "ap-south-1b",
            "availability_zone_id": "aps1-az3",
            "available_ip_address_count": 251,
            "cidr_block": "172.31.101.0/24",
            "customer_owned_ipv4_pool": "",
            "default_for_az": false,
            "enable_dns64": false,
            "enable_lni_at_device_index": 0,
            "enable_resource_name_dns_a_record_on_launch": false,
            "enable_resource_name_dns_aaaa_record_on_launch": false,
            "filter": null,
            "id": "subnet-0c26626bb68ddcbd6",
            "ipv6_cidr_block": "",
            "ipv6_cidr_block_association_id": "",
            "ipv6_native": false,
            "map_customer_owned_ip_on_launch": false,
            "map_public_ip_on_launch": false,
            "outpost_arn": "",
            "owner_id": "301782007642",
            "private_dns_hostname_type_on_launch": "ip-name",
            "state": "available",
            "tags": {
              "Name": "akhil-private-subnet-01"
            },
            "timeouts": null,
            "vpc_id": "vpc-0a8a952bd82a9c081"
          },
          "sensitive_attributes": []
        },
        {
          "index_key": "subnet-0c60862e8ccf3b21a",
          "schema_version": 0,
          "attributes": {
            "arn": "arn:aws:ec2:ap-south-1:301782007642:subnet/subnet-0c60862e8ccf3b21a",
            "assign_ipv6_address_on_creation": false,
            "availability_zone": "ap-south-1c",
            "availability_zone_id": "aps1-az2",
            "available_ip_address_count": 251,
            "cidr_block": "172.31.102.0/24",
            "customer_owned_ipv4_pool": "",
            "default_for_az": false,
            "enable_dns64": false,
            "enable_lni_at_device_index": 0,
            "enable_resource_name_dns_a_record_on_launch": false,
            "enable_resource_name_dns_aaaa_record_on_launch": false,
            "filter": null,
            "id": "subnet-0c60862e8ccf3b21a",
            "ipv6_cidr_block": "",
            "ipv6_cidr_block_association_id": "",
            "ipv6_native": false,
            "map_customer_owned_ip_on_launch": false,
            "map_public_ip_on_launch": false,
            "outpost_arn": "",
            "owner_id": "301782007642",
            "private_dns_hostname_type_on_launch": "ip-name",
            "state": "available",
            "tags": {
              "Name": "akhil-private-subnet-02"
            },
            "timeouts": null,
            "vpc_id": "vpc-0a8a952bd82a9c081"
          },
          "sensitive_attributes": []
        },
        {
          "index_key": "subnet-0dcf98e23a5861550",
          "schema_version": 0,
          "attributes": {
            "arn": "arn:aws:ec2:ap-south-1:301782007642:subnet/subnet-0dcf98e23a5861550",
            "assign_ipv6_address_on_creation": false,
            "availability_zone": "ap-south-1b",
            "availability_zone_id": "aps1-az3",
            "available_ip_address_count": 4082,
            "cidr_block": "172.31.0.0/20",
            "customer_owned_ipv4_pool": "",
            "default_for_az": true,
            "enable_dns64": false,
            "enable_lni_at_device_index": 0,
            "enable_resource_name_dns_a_record_on_launch": false,
            "enable_resource_name_dns_aaaa_record_on_launch": false,
            "filter": null,
            "id": "subnet-0dcf98e23a5861550",
            "ipv6_cidr_block": "",
            "ipv6_cidr_block_association_id": "",
            "ipv6_native": false,
            "map_customer_owned_ip_on_launch": false,
            "map_public_ip_on_launch": true,
            "outpost_arn": "",
            "owner_id": "301782007642",
            "private_dns_hostname_type_on_launch": "ip-name",
            "state": "available",
            "tags": {},
            "timeouts": null,
            "vpc_id": "vpc-0a8a952bd82a9c081"
          },
          "sensitive_attributes": []
        },
        {
          "index_key": "subnet-0f0b36e6af5a8bec2",
          "schema_version": 0,
          "attributes": {
            "arn": "arn:aws:ec2:ap-south-1:301782007642:subnet/subnet-0f0b36e6af5a8bec2",
            "assign_ipv6_address_on_creation": false,
            "availability_zone": "ap-south-1a",
            "availability_zone_id": "aps1-az1",
            "available_ip_address_count": 248,
            "cidr_block": "172.31.128.0/24",
            "customer_owned_ipv4_pool": "",
            "default_for_az": false,
            "enable_dns64": false,
            "enable_lni_at_device_index": 0,
            "enable_resource_name_dns_a_record_on_launch": false,
            "enable_resource_name_dns_aaaa_record_on_launch": false,
            "filter": null,
            "id": "subnet-0f0b36e6af5a8bec2",
            "ipv6_cidr_block": "",
            "ipv6_cidr_block_association_id": "",
            "ipv6_native": false,
            "map_customer_owned_ip_on_launch": false,
            "map_public_ip_on_launch": true,
            "outpost_arn": "",
            "owner_id": "301782007642",
            "private_dns_hostname_type_on_launch": "ip-name",
            "state": "available",
            "tags": {
              "Name": "karuna-public-subnet-1"
            },
            "timeouts": null,
            "vpc_id": "vpc-0a8a952bd82a9c081"
          },
          "sensitive_attributes": []
        }
      ]
    },
    {
      "mode": "data",
      "type": "aws_subnets",
      "name": "default",
      "provider": "provider[\"registry.terraform.io/hashicorp/aws\"]",
      "instances": [
        {
          "schema_version": 0,
          "attributes": {
            "filter": [
              {
                "name": "vpc-id",
                "values": [
                  "vpc-0a8a952bd82a9c081"
                ]
              }
            ],
            "id": "ap-south-1",
            "ids": [
              "subnet-0dcf98e23a5861550",
              "subnet-0c26626bb68ddcbd6",
              "subnet-0c60862e8ccf3b21a",
              "subnet-0342cfb028d6aff5a",
              "subnet-095dcfc2bd8521ac6",
              "subnet-0b5f44f6a7c3f2a17",
              "subnet-0f0b36e6af5a8bec2"
            ],
            "tags": null,
            "timeouts": null
          },
          "sensitive_attributes": []
        }
      ]
    },
    {
      "mode": "data",
      "type": "aws_vpc",
      "name": "default",
      "provider": "provider[\"registry.terraform.io/hashicorp/aws\"]",
      "instances": [
        {
          "schema_version": 0,
          "attributes": {
            "arn": "arn:aws:ec2:ap-south-1:301782007642:vpc/vpc-0a8a952bd82a9c081",
            "cidr_block": "172.31.0.0/16",
            "cidr_block_associations": [
              {
                "association_id": "vpc-cidr-assoc-097b1ca05794939fa",
                "cidr_block": "172.31.0.0/16",
                "state": "associated"
              }
            ],
            "default": true,
            "dhcp_options_id": "dopt-0aa0b951be62c2363",
            "enable_dns_hostnames": true,
            "enable_dns_support": true,
            "enable_network_address_usage_metrics": false,
            "filter": null,
            "id": "vpc-0a8a952bd82a9c081",
            "instance_tenancy": "default",
            "ipv6_association_id": "",
            "ipv6_cidr_block": "",
            "main_route_table_id": "rtb-0a461c6375ab308d3",
            "owner_id": "301782007642",
            "state": null,
            "tags": {},
            "timeouts": null
          },
          "sensitive_attributes": []
        }
      ]
    },
    {
      "mode": "managed",
      "type": "aws_cloudwatch_log_group",
      "name": "strapi",
      "provider": "provider[\"registry.terraform.io/hashicorp/aws\"]",
      "instances": [
        {
          "schema_version": 0,
          "attributes": {
            "arn": "arn:aws:logs:ap-south-1:301782007642:log-group:/ecs/strapi-ecs",
            "id": "/ecs/strapi-ecs",
            "kms_key_id": "",
            "log_group_class": "STANDARD",
            "name": "/ecs/strapi-ecs",
            "name_prefix": "",
            "retention_in_days": 7,
            "skip_destroy": false,
            "tags": {
              "Name": "strapi-ecs-logs"
            },
            "tags_all": {
              "Name": "strapi-ecs-logs"
            }
          },
          "sensitive_attributes": [],
          "private": "bnVsbA=="
        }
      ]
    },
    {
      "mode": "managed",
      "type": "aws_db_instance",
      "name": "postgres",
      "provider": "provider[\"registry.terraform.io/hashicorp/aws\"]",
      "instances": [
        {
          "schema_version": 2,
          "attributes": {
            "address": "strapi-ecs-postgres.cbowmc0uim96.ap-south-1.rds.amazonaws.com",
            "allocated_storage": 20,
            "allow_major_version_upgrade": null,
            "apply_immediately": false,
            "arn": "arn:aws:rds:ap-south-1:301782007642:db:strapi-ecs-postgres",
            "auto_minor_version_upgrade": true,
            "availability_zone": "ap-south-1a",
            "backup_retention_period": 0,
            "backup_target": "region",
            "backup_window": "19:01-19:31",
            "blue_green_update": [],
            "ca_cert_identifier": "rds-ca-rsa2048-g1",
            "character_set_name": "",
            "copy_tags_to_snapshot": false,
            "custom_iam_instance_profile": "",
            "customer_owned_ip_enabled": false,
            "database_insights_mode": "standard",
            "db_name": "strapi",
            "db_subnet_group_name": "strapi-ecs-db-subnet-group",
            "dedicated_log_volume": false,
            "delete_automated_backups": true,
            "deletion_protection": false,
            "domain": "",
            "domain_auth_secret_arn": "",
            "domain_dns_ips": null,
            "domain_fqdn": "",
            "domain_iam_role_name": "",
            "domain_ou": "",
            "enabled_cloudwatch_logs_exports": null,
            "endpoint": "strapi-ecs-postgres.cbowmc0uim96.ap-south-1.rds.amazonaws.com:5432",
            "engine": "postgres",
            "engine_lifecycle_support": "open-source-rds-extended-support",
            "engine_version": "15",
            "engine_version_actual": "15.14",
            "final_snapshot_identifier": null,
            "hosted_zone_id": "Z2VFMSZA74J7XZ",
            "iam_database_authentication_enabled": false,
            "id": "db-G5J5D4YPHAVJW5SULSQWPR6FGM",
            "identifier": "strapi-ecs-postgres",
            "identifier_prefix": "",
            "instance_class": "db.t3.micro",
            "iops": 3000,
            "kms_key_id": "",
            "latest_restorable_time": "",
            "license_model": "postgresql-license",
            "listener_endpoint": [],
            "maintenance_window": "mon:09:34-mon:10:04",
            "manage_master_user_password": null,
            "master_user_secret": [],
            "master_user_secret_kms_key_id": null,
            "max_allocated_storage": 0,
            "monitoring_interval": 0,
            "monitoring_role_arn": "",
            "multi_az": false,
            "nchar_character_set_name": "",
            "network_type": "IPV4",
            "option_group_name": "default:postgres-15",
            "parameter_group_name": "default.postgres15",
            "password": "Password123",
            "password_wo": null,
            "password_wo_version": null,
            "performance_insights_enabled": false,
            "performance_insights_kms_key_id": "",
            "performance_insights_retention_period": 0,
            "port": 5432,
            "publicly_accessible": false,
            "replica_mode": "",
            "replicas": [],
            "replicate_source_db": "",
            "resource_id": "db-G5J5D4YPHAVJW5SULSQWPR6FGM",
            "restore_to_point_in_time": [],
            "s3_import": [],
            "skip_final_snapshot": true,
            "snapshot_identifier": null,
            "status": "available",
            "storage_encrypted": false,
            "storage_throughput": 125,
            "storage_type": "gp3",
            "tags": {
              "Name": "strapi-ecs-postgres"
            },
            "tags_all": {
              "Name": "strapi-ecs-postgres"
            },
            "timeouts": null,
            "timezone": "",
            "upgrade_storage_config": null,
            "username": "strapi",
            "vpc_security_group_ids": [
              "sg-08879aea700d6b9c9"
            ]
          },
          "sensitive_attributes": [
            [
              {
                "type": "get_attr",
                "value": "password"
              }
            ]
          ],
          "private": "eyJlMmJmYjczMC1lY2FhLTExZTYtOGY4OC0zNDM2M2JjN2M0YzAiOnsiY3JlYXRlIjozMDAwMDAwMDAwMDAwLCJkZWxldGUiOjM2MDAwMDAwMDAwMDAsInVwZGF0ZSI6NDgwMDAwMDAwMDAwMH0sInNjaGVtYV92ZXJzaW9uIjoiMiJ9",
          "dependencies": [
            "aws_db_subnet_group.main",
            "aws_security_group.alb",
            "aws_security_group.ecs_tasks",
            "aws_security_group.rds",
            "data.aws_subnets.default",
            "data.aws_vpc.default"
          ]
        }
      ]
    },
    {
      "mode": "managed",
      "type": "aws_db_subnet_group",
      "name": "main",
      "provider": "provider[\"registry.terraform.io/hashicorp/aws\"]",
      "instances": [
        {
          "schema_version": 0,
          "attributes": {
            "arn": "arn:aws:rds:ap-south-1:301782007642:subgrp:strapi-ecs-db-subnet-group",
            "description": "Managed by Terraform",
            "id": "strapi-ecs-db-subnet-group",
            "name": "strapi-ecs-db-subnet-group",
            "name_prefix": "",
            "subnet_ids": [
              "subnet-0342cfb028d6aff5a",
              "subnet-095dcfc2bd8521ac6",
              "subnet-0b5f44f6a7c3f2a17",
              "subnet-0c26626bb68ddcbd6",
              "subnet-0c60862e8ccf3b21a",
              "subnet-0dcf98e23a5861550",
              "subnet-0f0b36e6af5a8bec2"
            ],
            "supported_network_types": [
              "IPV4"
            ],
            "tags": {
              "Name": "strapi-ecs-db-subnet-group"
            },
            "tags_all": {
              "Name": "strapi-ecs-db-subnet-group"
            },
            "vpc_id": "vpc-0a8a952bd82a9c081"
          },
          "sensitive_attributes": [],
          "private": "bnVsbA==",
          "dependencies": [
            "data.aws_subnets.default",
            "data.aws_vpc.default"
          ]
        }
      ]
    },
    {
      "mode": "managed",
      "type": "aws_ecr_lifecycle_policy",
      "name": "strapi",
      "provider": "provider[\"registry.terraform.io/hashicorp/aws\"]",
      "instances": [
        {
          "schema_version": 0,
          "attributes": {
            "id": "dee-strapi",
            "policy": "{\"rules\":[{\"action\":{\"type\":\"expire\"},\"description\":\"Keep last 10 images\",\"rulePriority\":1,\"selection\":{\"countNumber\":10,\"countType\":\"imageCountMoreThan\",\"tagStatus\":\"any\"}}]}",
            "registry_id": "301782007642",
            "repository": "dee-strapi"
          },
          "sensitive_attributes": [],
          "private": "bnVsbA==",
          "dependencies": [
            "data.aws_ecr_repository.strapi"
          ]
        }
      ]
    },
    {
      "mode": "managed",
      "type": "aws_ecs_cluster",
      "name": "main",
      "provider": "provider[\"registry.terraform.io/hashicorp/aws\"]",
      "instances": [
        {
          "schema_version": 0,
          "attributes": {
            "arn": "arn:aws:ecs:ap-south-1:301782007642:cluster/strapi-ecs-cluster",
            "configuration": [],
            "id": "arn:aws:ecs:ap-south-1:301782007642:cluster/strapi-ecs-cluster",
            "name": "strapi-ecs-cluster",
            "service_connect_defaults": [],
            "setting": [
              {
                "name": "containerInsights",
                "value": "enabled"
              }
            ],
            "tags": {
              "Name": "strapi-ecs-cluster"
            },
            "tags_all": {
              "Name": "strapi-ecs-cluster"
            }
          },
          "sensitive_attributes": [],
          "private": "bnVsbA=="
        }
      ]
    },
    {
      "mode": "managed",
      "type": "aws_ecs_service",
      "name": "strapi",
      "provider": "provider[\"registry.terraform.io/hashicorp/aws\"]",
      "instances": [
        {
          "schema_version": 1,
          "attributes": {
            "alarms": [],
            "availability_zone_rebalancing": "DISABLED",
            "capacity_provider_strategy": [],
            "cluster": "arn:aws:ecs:ap-south-1:301782007642:cluster/strapi-ecs-cluster",
            "deployment_circuit_breaker": [
              {
                "enable": false,
                "rollback": false
              }
            ],
            "deployment_controller": [
              {
                "type": "ECS"
              }
            ],
            "deployment_maximum_percent": 200,
            "deployment_minimum_healthy_percent": 100,
            "desired_count": 1,
            "enable_ecs_managed_tags": false,
            "enable_execute_command": false,
            "force_delete": null,
            "force_new_deployment": null,
            "health_check_grace_period_seconds": 0,
            "iam_role": "/aws-service-role/ecs.amazonaws.com/AWSServiceRoleForECS",
            "id": "arn:aws:ecs:ap-south-1:301782007642:service/strapi-ecs-cluster/strapi-ecs-service",
            "launch_type": "FARGATE",
            "load_balancer": [
              {
                "container_name": "strapi",
                "container_port": 1337,
                "elb_name": "",
                "target_group_arn": "arn:aws:elasticloadbalancing:ap-south-1:301782007642:targetgroup/strapi-ecs-tg/48c245b264dd6f9e"
              }
            ],
            "name": "strapi-ecs-service",
            "network_configuration": [
              {
                "assign_public_ip": true,
                "security_groups": [
                  "sg-0d98bd1b305d60687"
                ],
                "subnets": [
                  "subnet-0342cfb028d6aff5a",
                  "subnet-095dcfc2bd8521ac6",
                  "subnet-0b5f44f6a7c3f2a17"
                ]
              }
            ],
            "ordered_placement_strategy": [],
            "placement_constraints": [],
            "platform_version": "LATEST",
            "propagate_tags": "NONE",
            "scheduling_strategy": "REPLICA",
            "service_connect_configuration": [],
            "service_registries": [],
            "tags": {
              "Name": "strapi-ecs-service"
            },
            "tags_all": {
              "Name": "strapi-ecs-service"
            },
            "task_definition": "arn:aws:ecs:ap-south-1:301782007642:task-definition/strapi-ecs-task:3",
            "timeouts": null,
            "triggers": {},
            "volume_configuration": [],
            "vpc_lattice_configurations": [],
            "wait_for_steady_state": false
          },
          "sensitive_attributes": [],
          "private": "eyJlMmJmYjczMC1lY2FhLTExZTYtOGY4OC0zNDM2M2JjN2M0YzAiOnsiY3JlYXRlIjoxMjAwMDAwMDAwMDAwLCJkZWxldGUiOjEyMDAwMDAwMDAwMDAsInVwZGF0ZSI6MTIwMDAwMDAwMDAwMH0sInNjaGVtYV92ZXJzaW9uIjoiMSJ9",
          "dependencies": [
            "aws_cloudwatch_log_group.strapi",
            "aws_db_instance.postgres",
            "aws_db_subnet_group.main",
            "aws_ecs_cluster.main",
            "aws_ecs_task_definition.strapi",
            "aws_iam_role.ecs_task_execution_role",
            "aws_iam_role.ecs_task_role",
            "aws_iam_role_policy_attachment.ecs_task_execution_role_policy",
            "aws_lb.main",
            "aws_lb_listener.http",
            "aws_lb_target_group.strapi",
            "aws_security_group.alb",
            "aws_security_group.ecs_tasks",
            "aws_security_group.rds",
            "data.aws_ecr_repository.strapi",
            "data.aws_subnet.default",
            "data.aws_subnets.default",
            "data.aws_vpc.default"
          ]
        }
      ]
    },
    {
      "mode": "managed",
      "type": "aws_ecs_task_definition",
      "name": "strapi",
      "provider": "provider[\"registry.terraform.io/hashicorp/aws\"]",
      "instances": [
        {
          "schema_version": 1,
          "attributes": {
            "arn": "arn:aws:ecs:ap-south-1:301782007642:task-definition/strapi-ecs-task:3",
            "arn_without_revision": "arn:aws:ecs:ap-south-1:301782007642:task-definition/strapi-ecs-task",
            "container_definitions": "[{\"environment\":[{\"name\":\"ADMIN_JWT_SECRET\",\"value\":\"toBeModified\"},{\"name\":\"API_TOKEN_SALT\",\"value\":\"toBeModified\"},{\"name\":\"APP_KEYS\",\"value\":\"toBeModified1,toBeModified2\"},{\"name\":\"DATABASE_CLIENT\",\"value\":\"postgres\"},{\"name\":\"DATABASE_HOST\",\"value\":\"strapi-ecs-postgres.cbowmc0uim96.ap-south-1.rds.amazonaws.com\"},{\"name\":\"DATABASE_NAME\",\"value\":\"strapi\"},{\"name\":\"DATABASE_PASSWORD\",\"value\":\"Password123\"},{\"name\":\"DATABASE_PORT\",\"value\":\"5432\"},{\"name\":\"DATABASE_USERNAME\",\"value\":\"strapi\"},{\"name\":\"JWT_SECRET\",\"value\":\"toBeModified\"},{\"name\":\"NODE_ENV\",\"value\":\"production\"}],\"essential\":true,\"healthCheck\":{\"command\":[\"CMD-SHELL\",\"wget --no-verbose --tries=1 --spider http://localhost:1337/_health || exit 1\"],\"interval\":30,\"retries\":3,\"startPeriod\":60,\"timeout\":5},\"image\":\"301782007642.dkr.ecr.ap-south-1.amazonaws.com/dee-strapi:latest\",\"logConfiguration\":{\"logDriver\":\"awslogs\",\"options\":{\"awslogs-group\":\"/ecs/strapi-ecs\",\"awslogs-region\":\"ap-south-1\",\"awslogs-stream-prefix\":\"ecs\"}},\"mountPoints\":[],\"name\":\"strapi\",\"portMappings\":[{\"containerPort\":1337,\"hostPort\":1337,\"protocol\":\"tcp\"}],\"systemControls\":[],\"volumesFrom\":[]}]",
            "cpu": "512",
            "enable_fault_injection": false,
            "ephemeral_storage": [],
            "execution_role_arn": "arn:aws:iam::301782007642:role/strapi-ecs-ecs-execution-role",
            "family": "strapi-ecs-task",
            "id": "strapi-ecs-task",
            "inference_accelerator": [],
            "ipc_mode": "",
            "memory": "1024",
            "network_mode": "awsvpc",
            "pid_mode": "",
            "placement_constraints": [],
            "proxy_configuration": [],
            "requires_compatibilities": [
              "FARGATE"
            ],
            "revision": 3,
            "runtime_platform": [],
            "skip_destroy": false,
            "tags": {
              "Name": "strapi-ecs-task"
            },
            "tags_all": {
              "Name": "strapi-ecs-task"
            },
            "task_role_arn": "arn:aws:iam::301782007642:role/strapi-ecs-ecs-task-role",
            "track_latest": false,
            "volume": []
          },
          "sensitive_attributes": [
            [
              {
                "type": "get_attr",
                "value": "container_definitions"
              }
            ]
          ],
          "private": "eyJzY2hlbWFfdmVyc2lvbiI6IjEifQ==",
          "dependencies": [
            "aws_cloudwatch_log_group.strapi",
            "aws_db_instance.postgres",
            "aws_db_subnet_group.main",
            "aws_iam_role.ecs_task_execution_role",
            "aws_iam_role.ecs_task_role",
            "aws_security_group.alb",
            "aws_security_group.ecs_tasks",
            "aws_security_group.rds",
            "data.aws_ecr_repository.strapi",
            "data.aws_subnets.default",
            "data.aws_vpc.default"
          ]
        }
      ]
    },
    {
      "mode": "managed",
      "type": "aws_iam_role",
      "name": "ecs_task_execution_role",
      "provider": "provider[\"registry.terraform.io/hashicorp/aws\"]",
      "instances": [
        {
          "schema_version": 0,
          "attributes": {
            "arn": "arn:aws:iam::301782007642:role/strapi-ecs-ecs-execution-role",
            "assume_role_policy": "{\"Statement\":[{\"Action\":\"sts:AssumeRole\",\"Effect\":\"Allow\",\"Principal\":{\"Service\":\"ecs-tasks.amazonaws.com\"}}],\"Version\":\"2012-10-17\"}",
            "create_date": "2025-12-28T14:57:25Z",
            "description": "",
            "force_detach_policies": false,
            "id": "strapi-ecs-ecs-execution-role",
            "inline_policy": [],
            "managed_policy_arns": [
              "arn:aws:iam::aws:policy/service-role/AmazonECSTaskExecutionRolePolicy"
            ],
            "max_session_duration": 3600,
            "name": "strapi-ecs-ecs-execution-role",
            "name_prefix": "",
            "path": "/",
            "permissions_boundary": "",
            "tags": {
              "Name": "strapi-ecs-ecs-execution-role"
            },
            "tags_all": {
              "Name": "strapi-ecs-ecs-execution-role"
            },
            "unique_id": "AROAUMQ4375NN4NZXBVZQ"
          },
          "sensitive_attributes": [],
          "private": "bnVsbA=="
        }
      ]
    },
    {
      "mode": "managed",
      "type": "aws_iam_role",
      "name": "ecs_task_role",
      "provider": "provider[\"registry.terraform.io/hashicorp/aws\"]",
      "instances": [
        {
          "schema_version": 0,
          "attributes": {
            "arn": "arn:aws:iam::301782007642:role/strapi-ecs-ecs-task-role",
            "assume_role_policy": "{\"Statement\":[{\"Action\":\"sts:AssumeRole\",\"Effect\":\"Allow\",\"Principal\":{\"Service\":\"ecs-tasks.amazonaws.com\"}}],\"Version\":\"2012-10-17\"}",
            "create_date": "2025-12-28T14:57:25Z",
            "description": "",
            "force_detach_policies": false,
            "id": "strapi-ecs-ecs-task-role",
            "inline_policy": [],
            "managed_policy_arns": [],
            "max_session_duration": 3600,
            "name": "strapi-ecs-ecs-task-role",
            "name_prefix": "",
            "path": "/",
            "permissions_boundary": "",
            "tags": {
              "Name": "strapi-ecs-ecs-task-role"
            },
            "tags_all": {
              "Name": "strapi-ecs-ecs-task-role"
            },
            "unique_id": "AROAUMQ4375NGM3Z6F3PG"
          },
          "sensitive_attributes": [],
          "private": "bnVsbA=="
        }
      ]
    },
    {
      "mode": "managed",
      "type": "aws_iam_role_policy_attachment",
      "name": "ecs_task_execution_role_policy",
      "provider": "provider[\"registry.terraform.io/hashicorp/aws\"]",
      "instances": [
        {
          "schema_version": 0,
          "attributes": {
            "id": "strapi-ecs-ecs-execution-role-20251228145725413500000001",
            "policy_arn": "arn:aws:iam::aws:policy/service-role/AmazonECSTaskExecutionRolePolicy",
            "role": "strapi-ecs-ecs-execution-role"
          },
          "sensitive_attributes": [],
          "private": "bnVsbA==",
          "dependencies": [
            "aws_iam_role.ecs_task_execution_role"
          ]
        }
      ]
    },
    {
      "mode": "managed",
      "type": "aws_lb",
      "name": "main",
      "provider": "provider[\"registry.terraform.io/hashicorp/aws\"]",
      "instances": [
        {
          "schema_version": 0,
          "attributes": {
            "access_logs": [
              {
                "bucket": "",
                "enabled": false,
                "prefix": ""
              }
            ],
            "arn": "arn:aws:elasticloadbalancing:ap-south-1:301782007642:loadbalancer/app/strapi-ecs-alb/1828fcac72353b7e",
            "arn_suffix": "app/strapi-ecs-alb/1828fcac72353b7e",
            "client_keep_alive": 3600,
            "connection_logs": [
              {
                "bucket": "",
                "enabled": false,
                "prefix": ""
              }
            ],
            "customer_owned_ipv4_pool": "",
            "desync_mitigation_mode": "defensive",
            "dns_name": "strapi-ecs-alb-712630972.ap-south-1.elb.amazonaws.com",
            "dns_record_client_routing_policy": null,
            "drop_invalid_header_fields": false,
            "enable_cross_zone_load_balancing": true,
            "enable_deletion_protection": false,
            "enable_http2": true,
            "enable_tls_version_and_cipher_suite_headers": false,
            "enable_waf_fail_open": false,
            "enable_xff_client_port": false,
            "enable_zonal_shift": false,
            "enforce_security_group_inbound_rules_on_private_link_traffic": "",
            "id": "arn:aws:elasticloadbalancing:ap-south-1:301782007642:loadbalancer/app/strapi-ecs-alb/1828fcac72353b7e",
            "idle_timeout": 60,
            "internal": false,
            "ip_address_type": "ipv4",
            "ipam_pools": [],
            "load_balancer_type": "application",
            "minimum_load_balancer_capacity": [],
            "name": "strapi-ecs-alb",
            "name_prefix": "",
            "preserve_host_header": false,
            "security_groups": [
              "sg-0a2e0f5d64e3d0078"
            ],
            "subnet_mapping": [
              {
                "allocation_id": "",
                "ipv6_address": "",
                "outpost_id": "",
                "private_ipv4_address": "",
                "subnet_id": "subnet-0342cfb028d6aff5a"
              },
              {
                "allocation_id": "",
                "ipv6_address": "",
                "outpost_id": "",
                "private_ipv4_address": "",
                "subnet_id": "subnet-095dcfc2bd8521ac6"
              },
              {
                "allocation_id": "",
                "ipv6_address": "",
                "outpost_id": "",
                "private_ipv4_address": "",
                "subnet_id": "subnet-0b5f44f6a7c3f2a17"
              }
            ],
            "subnets": [
              "subnet-0342cfb028d6aff5a",
              "subnet-095dcfc2bd8521ac6",
              "subnet-0b5f44f6a7c3f2a17"
            ],
            "tags": {
              "Name": "strapi-ecs-alb"
            },
            "tags_all": {
              "Name": "strapi-ecs-alb"
            },
            "timeouts": null,
            "vpc_id": "vpc-0a8a952bd82a9c081",
            "xff_header_processing_mode": "append",
            "zone_id": "ZP97RAFLXTNZK"
          },
          "sensitive_attributes": [],
          "private": "eyJlMmJmYjczMC1lY2FhLTExZTYtOGY4OC0zNDM2M2JjN2M0YzAiOnsiY3JlYXRlIjo2MDAwMDAwMDAwMDAsImRlbGV0ZSI6NjAwMDAwMDAwMDAwLCJ1cGRhdGUiOjYwMDAwMDAwMDAwMH19",
          "dependencies": [
            "aws_security_group.alb",
            "data.aws_subnet.default",
            "data.aws_subnets.default",
            "data.aws_vpc.default"
          ]
        }
      ]
    },
    {
      "mode": "managed",
      "type": "aws_lb_listener",
      "name": "http",
      "provider": "provider[\"registry.terraform.io/hashicorp/aws\"]",
      "instances": [
        {
          "schema_version": 0,
          "attributes": {
            "alpn_policy": null,
            "arn": "arn:aws:elasticloadbalancing:ap-south-1:301782007642:listener/app/strapi-ecs-alb/1828fcac72353b7e/0ae7ae858c32e0d4",
            "certificate_arn": null,
            "default_action": [
              {
                "authenticate_cognito": [],
                "authenticate_oidc": [],
                "fixed_response": [],
                "forward": [],
                "order": 1,
                "redirect": [],
                "target_group_arn": "arn:aws:elasticloadbalancing:ap-south-1:301782007642:targetgroup/strapi-ecs-tg/48c245b264dd6f9e",
                "type": "forward"
              }
            ],
            "id": "arn:aws:elasticloadbalancing:ap-south-1:301782007642:listener/app/strapi-ecs-alb/1828fcac72353b7e/0ae7ae858c32e0d4",
            "load_balancer_arn": "arn:aws:elasticloadbalancing:ap-south-1:301782007642:loadbalancer/app/strapi-ecs-alb/1828fcac72353b7e",
            "mutual_authentication": [],
            "port": 80,
            "protocol": "HTTP",
            "routing_http_request_x_amzn_mtls_clientcert_header_name": null,
            "routing_http_request_x_amzn_mtls_clientcert_issuer_header_name": null,
            "routing_http_request_x_amzn_mtls_clientcert_leaf_header_name": null,
            "routing_http_request_x_amzn_mtls_clientcert_serial_number_header_name": null,
            "routing_http_request_x_amzn_mtls_clientcert_subject_header_name": null,
            "routing_http_request_x_amzn_mtls_clientcert_validity_header_name": null,
            "routing_http_request_x_amzn_tls_cipher_suite_header_name": null,
            "routing_http_request_x_amzn_tls_version_header_name": null,
            "routing_http_response_access_control_allow_credentials_header_value": "",
            "routing_http_response_access_control_allow_headers_header_value": "",
            "routing_http_response_access_control_allow_methods_header_value": "",
            "routing_http_response_access_control_allow_origin_header_value": "",
            "routing_http_response_access_control_expose_headers_header_value": "",
            "routing_http_response_access_control_max_age_header_value": "",
            "routing_http_response_content_security_policy_header_value": "",
            "routing_http_response_server_enabled": true,
            "routing_http_response_strict_transport_security_header_value": "",
            "routing_http_response_x_content_type_options_header_value": "",
            "routing_http_response_x_frame_options_header_value": "",
            "ssl_policy": "",
            "tags": {},
            "tags_all": {},
            "tcp_idle_timeout_seconds": null,
            "timeouts": null
          },
          "sensitive_attributes": [],
          "private": "eyJlMmJmYjczMC1lY2FhLTExZTYtOGY4OC0zNDM2M2JjN2M0YzAiOnsiY3JlYXRlIjozMDAwMDAwMDAwMDAsInVwZGF0ZSI6MzAwMDAwMDAwMDAwfX0=",
          "dependencies": [
            "aws_lb.main",
            "aws_lb_target_group.strapi",
            "aws_security_group.alb",
            "data.aws_subnet.default",
            "data.aws_subnets.default",
            "data.aws_vpc.default"
          ]
        }
      ]
    },
    {
      "mode": "managed",
      "type": "aws_lb_target_group",
      "name": "strapi",
      "provider": "provider[\"registry.terraform.io/hashicorp/aws\"]",
      "instances": [
        {
          "schema_version": 0,
          "attributes": {
            "arn": "arn:aws:elasticloadbalancing:ap-south-1:301782007642:targetgroup/strapi-ecs-tg/48c245b264dd6f9e",
            "arn_suffix": "targetgroup/strapi-ecs-tg/48c245b264dd6f9e",
            "connection_termination": null,
            "deregistration_delay": "300",
            "health_check": [
              {
                "enabled": true,
                "healthy_threshold": 2,
                "interval": 30,
                "matcher": "200",
                "path": "/_health",
                "port": "traffic-port",
                "protocol": "HTTP",
                "timeout": 5,
                "unhealthy_threshold": 3
              }
            ],
            "id": "arn:aws:elasticloadbalancing:ap-south-1:301782007642:targetgroup/strapi-ecs-tg/48c245b264dd6f9e",
            "ip_address_type": "ipv4",
            "lambda_multi_value_headers_enabled": false,
            "load_balancer_arns": [
              "arn:aws:elasticloadbalancing:ap-south-1:301782007642:loadbalancer/app/strapi-ecs-alb/1828fcac72353b7e"
            ],
            "load_balancing_algorithm_type": "round_robin",
            "load_balancing_anomaly_mitigation": "off",
            "load_balancing_cross_zone_enabled": "use_load_balancer_configuration",
            "name": "strapi-ecs-tg",
            "name_prefix": "",
            "port": 1337,
            "preserve_client_ip": null,
            "protocol": "HTTP",
            "protocol_version": "HTTP1",
            "proxy_protocol_v2": false,
            "slow_start": 0,
            "stickiness": [
              {
                "cookie_duration": 86400,
                "cookie_name": "",
                "enabled": false,
                "type": "lb_cookie"
              }
            ],
            "tags": {
              "Name": "strapi-ecs-tg"
            },
            "tags_all": {
              "Name": "strapi-ecs-tg"
            },
            "target_failover": [
              {
                "on_deregistration": null,
                "on_unhealthy": null
              }
            ],
            "target_group_health": [
              {
                "dns_failover": [
                  {
                    "minimum_healthy_targets_count": "1",
                    "minimum_healthy_targets_percentage": "off"
                  }
                ],
                "unhealthy_state_routing": [
                  {
                    "minimum_healthy_targets_count": 1,
                    "minimum_healthy_targets_percentage": "off"
                  }
                ]
              }
            ],
            "target_health_state": [
              {
                "enable_unhealthy_connection_termination": null,
                "unhealthy_draining_interval": null
              }
            ],
            "target_type": "ip",
            "vpc_id": "vpc-0a8a952bd82a9c081"
          },
          "sensitive_attributes": [],
          "private": "bnVsbA==",
          "dependencies": [
            "data.aws_vpc.default"
          ]
        }
      ]
    },
    {
      "mode": "managed",
      "type": "aws_security_group",
      "name": "alb",
      "provider": "provider[\"registry.terraform.io/hashicorp/aws\"]",
      "instances": [
        {
          "schema_version": 1,
          "attributes": {
            "arn": "arn:aws:ec2:ap-south-1:301782007642:security-group/sg-0a2e0f5d64e3d0078",
            "description": "Security group for ALB",
            "egress": [
              {
                "cidr_blocks": [
                  "0.0.0.0/0"
                ],
                "description": "Allow all outbound",
                "from_port": 0,
                "ipv6_cidr_blocks": [],
                "prefix_list_ids": [],
                "protocol": "-1",
                "security_groups": [],
                "self": false,
                "to_port": 0
              }
            ],
            "id": "sg-0a2e0f5d64e3d0078",
            "ingress": [
              {
                "cidr_blocks": [
                  "0.0.0.0/0"
                ],
                "description": "Allow HTTP",
                "from_port": 80,
                "ipv6_cidr_blocks": [],
                "prefix_list_ids": [],
                "protocol": "tcp",
                "security_groups": [],
                "self": false,
                "to_port": 80
              },
              {
                "cidr_blocks": [
                  "0.0.0.0/0"
                ],
                "description": "Allow HTTPS",
                "from_port": 443,
                "ipv6_cidr_blocks": [],
                "prefix_list_ids": [],
                "protocol": "tcp",
                "security_groups": [],
                "self": false,
                "to_port": 443
              }
            ],
            "name": "strapi-ecs-alb-sg",
            "name_prefix": "",
            "owner_id": "301782007642",
            "revoke_rules_on_delete": false,
            "tags": {
              "Name": "strapi-ecs-alb-sg"
            },
            "tags_all": {
              "Name": "strapi-ecs-alb-sg"
            },
            "timeouts": null,
            "vpc_id": "vpc-0a8a952bd82a9c081"
          },
          "sensitive_attributes": [],
          "private": "eyJlMmJmYjczMC1lY2FhLTExZTYtOGY4OC0zNDM2M2JjN2M0YzAiOnsiY3JlYXRlIjo2MDAwMDAwMDAwMDAsImRlbGV0ZSI6OTAwMDAwMDAwMDAwfSwic2NoZW1hX3ZlcnNpb24iOiIxIn0=",
          "dependencies": [
            "data.aws_vpc.default"
          ]
        }
      ]
    },
    {
      "mode": "managed",
      "type": "aws_security_group",
      "name": "ecs_tasks",
      "provider": "provider[\"registry.terraform.io/hashicorp/aws\"]",
      "instances": [
        {
          "schema_version": 1,
          "attributes": {
            "arn": "arn:aws:ec2:ap-south-1:301782007642:security-group/sg-0d98bd1b305d60687",
            "description": "Security group for ECS tasks",
            "egress": [
              {
                "cidr_blocks": [
                  "0.0.0.0/0"
                ],
                "description": "Allow all outbound",
                "from_port": 0,
                "ipv6_cidr_blocks": [],
                "prefix_list_ids": [],
                "protocol": "-1",
                "security_groups": [],
                "self": false,
                "to_port": 0
              }
            ],
            "id": "sg-0d98bd1b305d60687",
            "ingress": [
              {
                "cidr_blocks": [],
                "description": "Allow traffic from ALB",
                "from_port": 1337,
                "ipv6_cidr_blocks": [],
                "prefix_list_ids": [],
                "protocol": "tcp",
                "security_groups": [
                  "sg-0a2e0f5d64e3d0078"
                ],
                "self": false,
                "to_port": 1337
              }
            ],
            "name": "strapi-ecs-ecs-tasks-sg",
            "name_prefix": "",
            "owner_id": "301782007642",
            "revoke_rules_on_delete": false,
            "tags": {
              "Name": "strapi-ecs-ecs-tasks-sg"
            },
            "tags_all": {
              "Name": "strapi-ecs-ecs-tasks-sg"
            },
            "timeouts": null,
            "vpc_id": "vpc-0a8a952bd82a9c081"
          },
          "sensitive_attributes": [],
          "private": "eyJlMmJmYjczMC1lY2FhLTExZTYtOGY4OC0zNDM2M2JjN2M0YzAiOnsiY3JlYXRlIjo2MDAwMDAwMDAwMDAsImRlbGV0ZSI6OTAwMDAwMDAwMDAwfSwic2NoZW1hX3ZlcnNpb24iOiIxIn0=",
          "dependencies": [
            "aws_security_group.alb",
            "data.aws_vpc.default"
          ]
        }
      ]
    },
    {
      "mode": "managed",
      "type": "aws_security_group",
      "name": "rds",
      "provider": "provider[\"registry.terraform.io/hashicorp/aws\"]",
      "instances": [
        {
          "schema_version": 1,
          "attributes": {
            "arn": "arn:aws:ec2:ap-south-1:301782007642:security-group/sg-08879aea700d6b9c9",
            "description": "Security group for RDS",
            "egress": [
              {
                "cidr_blocks": [
                  "0.0.0.0/0"
                ],
                "description": "Allow all outbound",
                "from_port": 0,
                "ipv6_cidr_blocks": [],
                "prefix_list_ids": [],
                "protocol": "-1",
                "security_groups": [],
                "self": false,
                "to_port": 0
              }
            ],
            "id": "sg-08879aea700d6b9c9",
            "ingress": [
              {
                "cidr_blocks": [],
                "description": "Allow PostgreSQL from ECS tasks",
                "from_port": 5432,
                "ipv6_cidr_blocks": [],
                "prefix_list_ids": [],
                "protocol": "tcp",
                "security_groups": [
                  "sg-0d98bd1b305d60687"
                ],
                "self": false,
                "to_port": 5432
              }
            ],
            "name": "strapi-ecs-rds-sg",
            "name_prefix": "",
            "owner_id": "301782007642",
            "revoke_rules_on_delete": false,
            "tags": {
              "Name": "strapi-ecs-rds-sg"
            },
            "tags_all": {
              "Name": "strapi-ecs-rds-sg"
            },
            "timeouts": null,
            "vpc_id": "vpc-0a8a952bd82a9c081"
          },
          "sensitive_attributes": [],
          "private": "eyJlMmJmYjczMC1lY2FhLTExZTYtOGY4OC0zNDM2M2JjN2M0YzAiOnsiY3JlYXRlIjo2MDAwMDAwMDAwMDAsImRlbGV0ZSI6OTAwMDAwMDAwMDAwfSwic2NoZW1hX3ZlcnNpb24iOiIxIn0=",
          "dependencies": [
            "aws_security_group.alb",
            "aws_security_group.ecs_tasks",
            "data.aws_vpc.default"
          ]
        }
      ]
    }
  ],
  "check_results": null
}
